
Microsoft Visual Studio Solution File, Format Version 11.00
# Visual Studio 2010
Project("{FAE04EC0-301F-11D3-BF4B-00C04F79EFBC}") = "Laboratorio", "Laboratorio\Laboratorio.csproj", "{A95F120B-32ED-4822-B268-28AD402FF201}"
EndProject
Global
	GlobalSection(SolutionConfigurationPlatforms) = preSolution
		Debug|Any CPU = Debug|Any CPU
		Release|Any CPU = Release|Any CPU
	EndGlobalSection
	GlobalSection(ProjectConfigurationPlatforms) = postSolution
		{A95F120B-32ED-4822-B268-28AD402FF201}.Debug|Any CPU.ActiveCfg = Debug|Any CPU
		{A95F120B-32ED-4822-B268-28AD402FF201}.Debug|Any CPU.Build.0 = Debug|Any CPU
		{A95F120B-32ED-4822-B268-28AD402FF201}.Release|Any CPU.ActiveCfg = Release|Any CPU
		{A95F120B-32ED-4822-B268-28AD402FF201}.Release|Any CPU.Build.0 = Release|Any CPU
	EndGlobalSection
	GlobalSection(SolutionProperties) = preSolution
		HideSolutionNode = FALSE
	EndGlobalSection
EndGlobal
